Microsoft Visual Studio Solution File, Format Version 11.00
# Visual Studio 2010
Project("{8BC9CEB8-8B4A-11D0-8D11-00A0C91BC942}") = "CORE_bzlib", ".\bzlib\CORE_bzlib_StaticMTD.vcxproj", "{2FDD53F9-79B8-4242-B82F-782368DF45C0}"
EndProject
Project("{8BC9CEB8-8B4A-11D0-8D11-00A0C91BC942}") = "CORE_cairo", ".\cairo\CORE_cairo_StaticMTD.vcxproj", "{8A78ACC5-E414-4414-B5BC-3486C790FB21}"
EndProject
Project("{8BC9CEB8-8B4A-11D0-8D11-00A0C91BC942}") = "CORE_coders", ".\coders\CORE_coders_StaticMTD.vcxproj", "{024356CA-8E55-421C-8526-81F46E058865}"
EndProject
Project("{8BC9CEB8-8B4A-11D0-8D11-00A0C91BC942}") = "CORE_croco", ".\croco\CORE_croco_StaticMTD.vcxproj", "{1E81AE64-21D6-41C7-B6E1-51DF7E313666}"
EndProject
Project("{8BC9CEB8-8B4A-11D0-8D11-00A0C91BC942}") = "UTIL_dcraw", ".\dcraw\UTIL_dcraw_StaticMTD.vcxproj", "{7129BF60-E849-461E-86AF-63C7B48F22A6}"
EndProject
Project("{8BC9CEB8-8B4A-11D0-8D11-00A0C91BC942}") = "DEMO_analyze", ".\demos\DEMO_analyze_StaticMTD.vcxproj", "{69773BF0-29BE-4DD0-BFBF-A0101C4C8A88}"
EndProject
Project("{8BC9CEB8-8B4A-11D0-8D11-00A0C91BC942}") = "DEMO_button", ".\demos\DEMO_button_StaticMTD.vcxproj", "{39FC08DC-9ED1-4A3E-B3A3-0126BCCECCBE}"
EndProject
Project("{8BC9CEB8-8B4A-11D0-8D11-00A0C91BC942}") = "DEMO_demo", ".\demos\DEMO_demo_StaticMTD.vcxproj", "{50E3E01F-138E-4086-830B-79B03B6120F7}"
EndProject
Project("{8BC9CEB8-8B4A-11D0-8D11-00A0C91BC942}") = "DEMO_detrans", ".\demos\DEMO_detrans_StaticMTD.vcxproj", "{A33C67A9-6711-40E2-A675-DD18CE6CD007}"
EndProject
Project("{8BC9CEB8-8B4A-11D0-8D11-00A0C91BC942}") = "DEMO_flip", ".\demos\DEMO_flip_StaticMTD.vcxproj", "{F747076B-E04F-4A24-AB66-A90CFB7CD93C}"
EndProject
Project("{8BC9CEB8-8B4A-11D0-8D11-00A0C91BC942}") = "DEMO_gravity", ".\demos\DEMO_gravity_StaticMTD.vcxproj", "{D6AF7663-2D3D-40AB-AD29-C606257D11BA}"
EndProject
Project("{8BC9CEB8-8B4A-11D0-8D11-00A0C91BC942}") = "DEMO_piddle", ".\demos\DEMO_piddle_StaticMTD.vcxproj", "{AD7194EB-B852-4E1C-8DF4-90E3B25A2DDF}"
EndProject
Project("{8BC9CEB8-8B4A-11D0-8D11-00A0C91BC942}") = "DEMO_shapes", ".\demos\DEMO_shapes_StaticMTD.vcxproj", "{7F7529A8-783F-4964-B317-11EB82FCB4DF}"
EndProject
Project("{8BC9CEB8-8B4A-11D0-8D11-00A0C91BC942}") = "DEMO_zoom", ".\demos\DEMO_zoom_StaticMTD.vcxproj", "{3CF2E77F-AD83-48FC-864A-13CDC4D2D598}"
EndProject
Project("{8BC9CEB8-8B4A-11D0-8D11-00A0C91BC942}") = "CORE_exr", ".\exr\CORE_exr_StaticMTD.vcxproj", "{07C44FEE-2EE2-4710-B670-CEB7297F2F2C}"
EndProject
Project("{8BC9CEB8-8B4A-11D0-8D11-00A0C91BC942}") = "CORE_ffi", ".\ffi\CORE_ffi_StaticMTD.vcxproj", "{E17AF724-912E-466D-8542-D68BE1FD0027}"
EndProject
Project("{8BC9CEB8-8B4A-11D0-8D11-00A0C91BC942}") = "CORE_filters", ".\filters\CORE_filters_StaticMTD.vcxproj", "{C21C2447-4090-47CD-AA8E-16194335060A}"
EndProject
Project("{8BC9CEB8-8B4A-11D0-8D11-00A0C91BC942}") = "CORE_glib", ".\glib\CORE_glib_StaticMTD.vcxproj", "{4EC0AB0F-2B38-4F91-A06A-6A0310017D9E}"
EndProject
Project("{8BC9CEB8-8B4A-11D0-8D11-00A0C91BC942}") = "COM_ImageMagickObject", ".\ImageMagickObject\COM_ImageMagickObject_StaticMTD.vcxproj", "{3272A655-52AE-4809-82A8-EC2B08A25556}"
EndProject
Project("{8BC9CEB8-8B4A-11D0-8D11-00A0C91BC942}") = "UTIL_IMDisplay", ".\IMDisplay\UTIL_IMDisplay_StaticMTD.vcxproj", "{0EF92DDF-82B3-40F1-8B66-96F46578ABBD}"
EndProject
Project("{8BC9CEB8-8B4A-11D0-8D11-00A0C91BC942}") = "UTIL_ipcutil", ".\ipcutil\UTIL_ipcutil_StaticMTD.vcxproj", "{4AFF8855-BDFF-4A17-87C3-6BD8EA378401}"
EndProject
Project("{8BC9CEB8-8B4A-11D0-8D11-00A0C91BC942}") = "CORE_jp2", ".\jp2\CORE_jp2_StaticMTD.vcxproj", "{FA4BF482-38D3-4EE1-801B-9B51439C8557}"
EndProject
Project("{8BC9CEB8-8B4A-11D0-8D11-00A0C91BC942}") = "CORE_jpeg", ".\jpeg\CORE_jpeg_StaticMTD.vcxproj", "{75049BD5-7368-420D-A5E4-AE9A3F5C1FD1}"
EndProject
Project("{8BC9CEB8-8B4A-11D0-8D11-00A0C91BC942}") = "CORE_lcms", ".\lcms\CORE_lcms_StaticMTD.vcxproj", "{4CB38588-9941-466C-9446-BAACBD9230FA}"
EndProject
Project("{8BC9CEB8-8B4A-11D0-8D11-00A0C91BC942}") = "CORE_librsvg", ".\librsvg\CORE_librsvg_StaticMTD.vcxproj", "{6A15E44C-C90C-4DBA-ACCB-2CEDEB26E7FD}"
EndProject
Project("{8BC9CEB8-8B4A-11D0-8D11-00A0C91BC942}") = "CORE_libxml", ".\libxml\CORE_libxml_StaticMTD.vcxproj", "{878CBE2E-DE42-41B7-8078-BE594D8629D2}"
EndProject
Project("{8BC9CEB8-8B4A-11D0-8D11-00A0C91BC942}") = "CORE_lqr", ".\lqr\CORE_lqr_StaticMTD.vcxproj", "{4D5DE0D6-4CEA-48D9-B8A6-F3DA7AA54160}"
EndProject
Project("{8BC9CEB8-8B4A-11D0-8D11-00A0C91BC942}") = "CORE_magick", ".\magick\CORE_magick_StaticMTD.vcxproj", "{C956BB60-0065-427E-A306-ED3F3139AD95}"
EndProject
Project("{8BC9CEB8-8B4A-11D0-8D11-00A0C91BC942}") = "CORE_Magick++", ".\Magick++\CORE_Magick++_StaticMTD.vcxproj", "{ECA24EFA-F716-4A9B-9819-3AA339E90A54}"
EndProject
Project("{8BC9CEB8-8B4A-11D0-8D11-00A0C91BC942}") = "UTIL_NtMagick", ".\NtMagick\UTIL_NtMagick_StaticMTD.vcxproj", "{E75A9965-B919-4F9A-8BEB-B29084EFF848}"
EndProject
Project("{8BC9CEB8-8B4A-11D0-8D11-00A0C91BC942}") = "CORE_openjpeg", ".\openjpeg\CORE_openjpeg_StaticMTD.vcxproj", "{05786621-CBD7-4D1B-8C1B-E91546ADD310}"
EndProject
Project("{8BC9CEB8-8B4A-11D0-8D11-00A0C91BC942}") = "CORE_pango", ".\pango\CORE_pango_StaticMTD.vcxproj", "{E922DDA4-AE09-4DEB-9CD1-F34822D74858}"
EndProject
Project("{8BC9CEB8-8B4A-11D0-8D11-00A0C91BC942}") = "CORE_pixman", ".\pixman\CORE_pixman_StaticMTD.vcxproj", "{A7A4221F-366B-43C1-ADEF-32B87C1C756C}"
EndProject
Project("{8BC9CEB8-8B4A-11D0-8D11-00A0C91BC942}") = "CORE_png", ".\png\CORE_png_StaticMTD.vcxproj", "{76143AD1-6953-49B4-81F4-359461CDFF1F}"
EndProject
Project("{8BC9CEB8-8B4A-11D0-8D11-00A0C91BC942}") = "TEST_appendImages", ".\tests\TEST_appendImages_StaticMTD.vcxproj", "{9708E151-48C4-4A9C-A20D-2E1F46D5B82D}"
EndProject
Project("{8BC9CEB8-8B4A-11D0-8D11-00A0C91BC942}") = "TEST_attributes", ".\tests\TEST_attributes_StaticMTD.vcxproj", "{CA7E88C7-0C31-4378-9082-87BBDA422E99}"
EndProject
Project("{8BC9CEB8-8B4A-11D0-8D11-00A0C91BC942}") = "TEST_averageImages", ".\tests\TEST_averageImages_StaticMTD.vcxproj", "{84371E9D-7199-4F86-94DA-B203D3E37E42}"
EndProject
Project("{8BC9CEB8-8B4A-11D0-8D11-00A0C91BC942}") = "TEST_coalesceImages", ".\tests\TEST_coalesceImages_StaticMTD.vcxproj", "{3C7748DE-49B8-4CCF-A24C-7D08CEA9A49E}"
EndProject
Project("{8BC9CEB8-8B4A-11D0-8D11-00A0C91BC942}") = "TEST_coderInfo", ".\tests\TEST_coderInfo_StaticMTD.vcxproj", "{F3C6A2E1-E219-4E1E-8678-C9CBCA987A04}"
EndProject
Project("{8BC9CEB8-8B4A-11D0-8D11-00A0C91BC942}") = "TEST_color", ".\tests\TEST_color_StaticMTD.vcxproj", "{D4A94575-A9E2-412B-A98F-856E8602A71D}"
EndProject
Project("{8BC9CEB8-8B4A-11D0-8D11-00A0C91BC942}") = "TEST_colorHistogram", ".\tests\TEST_colorHistogram_StaticMTD.vcxproj", "{B812473A-93B9-49C8-BEA4-87243708191B}"
EndProject
Project("{8BC9CEB8-8B4A-11D0-8D11-00A0C91BC942}") = "TEST_exceptions", ".\tests\TEST_exceptions_StaticMTD.vcxproj", "{B6153CA4-3F79-4BA8-A5E0-A2F86EEF505D}"
EndProject
Project("{8BC9CEB8-8B4A-11D0-8D11-00A0C91BC942}") = "TEST_montageImages", ".\tests\TEST_montageImages_StaticMTD.vcxproj", "{B8EFC7D6-25B2-4EA8-87B1-C2C7FE5B0C32}"
EndProject
Project("{8BC9CEB8-8B4A-11D0-8D11-00A0C91BC942}") = "TEST_morphImages", ".\tests\TEST_morphImages_StaticMTD.vcxproj", "{9E7CBDE9-03AF-4125-8EB2-41DC5B045009}"
EndProject
Project("{8BC9CEB8-8B4A-11D0-8D11-00A0C91BC942}") = "TEST_readWriteBlob", ".\tests\TEST_readWriteBlob_StaticMTD.vcxproj", "{167E5933-3950-4C9C-AC18-916280553260}"
EndProject
Project("{8BC9CEB8-8B4A-11D0-8D11-00A0C91BC942}") = "TEST_readWriteImages", ".\tests\TEST_readWriteImages_StaticMTD.vcxproj", "{B2B1D609-DF21-4A4E-A2AD-E07EFDA57493}"
EndProject
Project("{8BC9CEB8-8B4A-11D0-8D11-00A0C91BC942}") = "CORE_tiff", ".\tiff\CORE_tiff_StaticMTD.vcxproj", "{F46B80E4-B175-449B-B7D1-158387DCF8A0}"
EndProject
Project("{8BC9CEB8-8B4A-11D0-8D11-00A0C91BC942}") = "CORE_ttf", ".\ttf\CORE_ttf_StaticMTD.vcxproj", "{9765A22C-D5D4-4E6B-8D12-DD24A68DF44E}"
EndProject
Project("{8BC9CEB8-8B4A-11D0-8D11-00A0C91BC942}") = "UTIL_compare", ".\utilities\UTIL_compare_StaticMTD.vcxproj", "{3BA864D5-10A9-4484-A9B6-A7F4B33C1314}"
EndProject
Project("{8BC9CEB8-8B4A-11D0-8D11-00A0C91BC942}") = "UTIL_composite", ".\utilities\UTIL_composite_StaticMTD.vcxproj", "{4B0ED67D-D5EE-4B50-8E09-1E6A59B8B1EC}"
EndProject
Project("{8BC9CEB8-8B4A-11D0-8D11-00A0C91BC942}") = "UTIL_conjure", ".\utilities\UTIL_conjure_StaticMTD.vcxproj", "{0604607C-006C-4E8E-BD7E-3ECDAB5EE1CE}"
EndProject
Project("{8BC9CEB8-8B4A-11D0-8D11-00A0C91BC942}") = "UTIL_convert", ".\utilities\UTIL_convert_StaticMTD.vcxproj", "{81C7132A-0666-4BCB-A780-AFEDD9BC7A0E}"
EndProject
Project("{8BC9CEB8-8B4A-11D0-8D11-00A0C91BC942}") = "UTIL_identify", ".\utilities\UTIL_identify_StaticMTD.vcxproj", "{88BB52C6-993D-4476-928D-E0E8C061C97E}"
EndProject
Project("{8BC9CEB8-8B4A-11D0-8D11-00A0C91BC942}") = "UTIL_mogrify", ".\utilities\UTIL_mogrify_StaticMTD.vcxproj", "{4DA3FFC9-EEB4-4979-A49F-958095924A9E}"
EndProject
Project("{8BC9CEB8-8B4A-11D0-8D11-00A0C91BC942}") = "UTIL_montage", ".\utilities\UTIL_montage_StaticMTD.vcxproj", "{0229388A-E4EA-4601-9A46-1BCDC539E809}"
EndProject
Project("{8BC9CEB8-8B4A-11D0-8D11-00A0C91BC942}") = "UTIL_stream", ".\utilities\UTIL_stream_StaticMTD.vcxproj", "{17AA73D4-976F-4D28-8C36-F0438D511F11}"
EndProject
Project("{8BC9CEB8-8B4A-11D0-8D11-00A0C91BC942}") = "CORE_wand", ".\wand\CORE_wand_StaticMTD.vcxproj", "{0200C306-DE7B-46EC-9260-79ADB9ABDBC5}"
EndProject
Project("{8BC9CEB8-8B4A-11D0-8D11-00A0C91BC942}") = "CORE_webp", ".\webp\CORE_webp_StaticMTD.vcxproj", "{F3D868A1-A0AE-41E0-A994-F690DE24D762}"
EndProject
Project("{8BC9CEB8-8B4A-11D0-8D11-00A0C91BC942}") = "CORE_zlib", ".\zlib\CORE_zlib_StaticMTD.vcxproj", "{A910D7AC-50D8-45F8-8C79-CE2CC14A91CF}"
EndProject
EndProject
Global
	GlobalSection(SolutionConfigurationPlatforms) = preSolution
		Debug|Win32 = Debug|Win32
		Release|Win32 = Release|Win32
	EndGlobalSection
	GlobalSection(ProjectConfigurationPlatforms) = postSolution
		{2FDD53F9-79B8-4242-B82F-782368DF45C0}.Debug|Win32.ActiveCfg = Debug|Win32
		{2FDD53F9-79B8-4242-B82F-782368DF45C0}.Debug|Win32.Build.0 = Debug|Win32
		{2FDD53F9-79B8-4242-B82F-782368DF45C0}.Release|Win32.ActiveCfg = Release|Win32
		{2FDD53F9-79B8-4242-B82F-782368DF45C0}.Release|Win32.Build.0 = Release|Win32
		{8A78ACC5-E414-4414-B5BC-3486C790FB21}.Debug|Win32.ActiveCfg = Debug|Win32
		{8A78ACC5-E414-4414-B5BC-3486C790FB21}.Debug|Win32.Build.0 = Debug|Win32
		{8A78ACC5-E414-4414-B5BC-3486C790FB21}.Release|Win32.ActiveCfg = Release|Win32
		{8A78ACC5-E414-4414-B5BC-3486C790FB21}.Release|Win32.Build.0 = Release|Win32
		{024356CA-8E55-421C-8526-81F46E058865}.Debug|Win32.ActiveCfg = Debug|Win32
		{024356CA-8E55-421C-8526-81F46E058865}.Debug|Win32.Build.0 = Debug|Win32
		{024356CA-8E55-421C-8526-81F46E058865}.Release|Win32.ActiveCfg = Release|Win32
		{024356CA-8E55-421C-8526-81F46E058865}.Release|Win32.Build.0 = Release|Win32
		{1E81AE64-21D6-41C7-B6E1-51DF7E313666}.Debug|Win32.ActiveCfg = Debug|Win32
		{1E81AE64-21D6-41C7-B6E1-51DF7E313666}.Debug|Win32.Build.0 = Debug|Win32
		{1E81AE64-21D6-41C7-B6E1-51DF7E313666}.Release|Win32.ActiveCfg = Release|Win32
		{1E81AE64-21D6-41C7-B6E1-51DF7E313666}.Release|Win32.Build.0 = Release|Win32
		{7129BF60-E849-461E-86AF-63C7B48F22A6}.Debug|Win32.ActiveCfg = Debug|Win32
		{7129BF60-E849-461E-86AF-63C7B48F22A6}.Debug|Win32.Build.0 = Debug|Win32
		{7129BF60-E849-461E-86AF-63C7B48F22A6}.Release|Win32.ActiveCfg = Release|Win32
		{7129BF60-E849-461E-86AF-63C7B48F22A6}.Release|Win32.Build.0 = Release|Win32
		{69773BF0-29BE-4DD0-BFBF-A0101C4C8A88}.Debug|Win32.ActiveCfg = Debug|Win32
		{69773BF0-29BE-4DD0-BFBF-A0101C4C8A88}.Debug|Win32.Build.0 = Debug|Win32
		{69773BF0-29BE-4DD0-BFBF-A0101C4C8A88}.Release|Win32.ActiveCfg = Release|Win32
		{69773BF0-29BE-4DD0-BFBF-A0101C4C8A88}.Release|Win32.Build.0 = Release|Win32
		{39FC08DC-9ED1-4A3E-B3A3-0126BCCECCBE}.Debug|Win32.ActiveCfg = Debug|Win32
		{39FC08DC-9ED1-4A3E-B3A3-0126BCCECCBE}.Debug|Win32.Build.0 = Debug|Win32
		{39FC08DC-9ED1-4A3E-B3A3-0126BCCECCBE}.Release|Win32.ActiveCfg = Release|Win32
		{39FC08DC-9ED1-4A3E-B3A3-0126BCCECCBE}.Release|Win32.Build.0 = Release|Win32
		{50E3E01F-138E-4086-830B-79B03B6120F7}.Debug|Win32.ActiveCfg = Debug|Win32
		{50E3E01F-138E-4086-830B-79B03B6120F7}.Debug|Win32.Build.0 = Debug|Win32
		{50E3E01F-138E-4086-830B-79B03B6120F7}.Release|Win32.ActiveCfg = Release|Win32
		{50E3E01F-138E-4086-830B-79B03B6120F7}.Release|Win32.Build.0 = Release|Win32
		{A33C67A9-6711-40E2-A675-DD18CE6CD007}.Debug|Win32.ActiveCfg = Debug|Win32
		{A33C67A9-6711-40E2-A675-DD18CE6CD007}.Debug|Win32.Build.0 = Debug|Win32
		{A33C67A9-6711-40E2-A675-DD18CE6CD007}.Release|Win32.ActiveCfg = Release|Win32
		{A33C67A9-6711-40E2-A675-DD18CE6CD007}.Release|Win32.Build.0 = Release|Win32
		{F747076B-E04F-4A24-AB66-A90CFB7CD93C}.Debug|Win32.ActiveCfg = Debug|Win32
		{F747076B-E04F-4A24-AB66-A90CFB7CD93C}.Debug|Win32.Build.0 = Debug|Win32
		{F747076B-E04F-4A24-AB66-A90CFB7CD93C}.Release|Win32.ActiveCfg = Release|Win32
		{F747076B-E04F-4A24-AB66-A90CFB7CD93C}.Release|Win32.Build.0 = Release|Win32
		{D6AF7663-2D3D-40AB-AD29-C606257D11BA}.Debug|Win32.ActiveCfg = Debug|Win32
		{D6AF7663-2D3D-40AB-AD29-C606257D11BA}.Debug|Win32.Build.0 = Debug|Win32
		{D6AF7663-2D3D-40AB-AD29-C606257D11BA}.Release|Win32.ActiveCfg = Release|Win32
		{D6AF7663-2D3D-40AB-AD29-C606257D11BA}.Release|Win32.Build.0 = Release|Win32
		{AD7194EB-B852-4E1C-8DF4-90E3B25A2DDF}.Debug|Win32.ActiveCfg = Debug|Win32
		{AD7194EB-B852-4E1C-8DF4-90E3B25A2DDF}.Debug|Win32.Build.0 = Debug|Win32
		{AD7194EB-B852-4E1C-8DF4-90E3B25A2DDF}.Release|Win32.ActiveCfg = Release|Win32
		{AD7194EB-B852-4E1C-8DF4-90E3B25A2DDF}.Release|Win32.Build.0 = Release|Win32
		{7F7529A8-783F-4964-B317-11EB82FCB4DF}.Debug|Win32.ActiveCfg = Debug|Win32
		{7F7529A8-783F-4964-B317-11EB82FCB4DF}.Debug|Win32.Build.0 = Debug|Win32
		{7F7529A8-783F-4964-B317-11EB82FCB4DF}.Release|Win32.ActiveCfg = Release|Win32
		{7F7529A8-783F-4964-B317-11EB82FCB4DF}.Release|Win32.Build.0 = Release|Win32
		{3CF2E77F-AD83-48FC-864A-13CDC4D2D598}.Debug|Win32.ActiveCfg = Debug|Win32
		{3CF2E77F-AD83-48FC-864A-13CDC4D2D598}.Debug|Win32.Build.0 = Debug|Win32
		{3CF2E77F-AD83-48FC-864A-13CDC4D2D598}.Release|Win32.ActiveCfg = Release|Win32
		{3CF2E77F-AD83-48FC-864A-13CDC4D2D598}.Release|Win32.Build.0 = Release|Win32
		{07C44FEE-2EE2-4710-B670-CEB7297F2F2C}.Debug|Win32.ActiveCfg = Debug|Win32
		{07C44FEE-2EE2-4710-B670-CEB7297F2F2C}.Debug|Win32.Build.0 = Debug|Win32
		{07C44FEE-2EE2-4710-B670-CEB7297F2F2C}.Release|Win32.ActiveCfg = Release|Win32
		{07C44FEE-2EE2-4710-B670-CEB7297F2F2C}.Release|Win32.Build.0 = Release|Win32
		{E17AF724-912E-466D-8542-D68BE1FD0027}.Debug|Win32.ActiveCfg = Debug|Win32
		{E17AF724-912E-466D-8542-D68BE1FD0027}.Debug|Win32.Build.0 = Debug|Win32
		{E17AF724-912E-466D-8542-D68BE1FD0027}.Release|Win32.ActiveCfg = Release|Win32
		{E17AF724-912E-466D-8542-D68BE1FD0027}.Release|Win32.Build.0 = Release|Win32
		{C21C2447-4090-47CD-AA8E-16194335060A}.Debug|Win32.ActiveCfg = Debug|Win32
		{C21C2447-4090-47CD-AA8E-16194335060A}.Debug|Win32.Build.0 = Debug|Win32
		{C21C2447-4090-47CD-AA8E-16194335060A}.Release|Win32.ActiveCfg = Release|Win32
		{C21C2447-4090-47CD-AA8E-16194335060A}.Release|Win32.Build.0 = Release|Win32
		{4EC0AB0F-2B38-4F91-A06A-6A0310017D9E}.Debug|Win32.ActiveCfg = Debug|Win32
		{4EC0AB0F-2B38-4F91-A06A-6A0310017D9E}.Debug|Win32.Build.0 = Debug|Win32
		{4EC0AB0F-2B38-4F91-A06A-6A0310017D9E}.Release|Win32.ActiveCfg = Release|Win32
		{4EC0AB0F-2B38-4F91-A06A-6A0310017D9E}.Release|Win32.Build.0 = Release|Win32
		{3272A655-52AE-4809-82A8-EC2B08A25556}.Debug|Win32.ActiveCfg = Debug|Win32
		{3272A655-52AE-4809-82A8-EC2B08A25556}.Debug|Win32.Build.0 = Debug|Win32
		{3272A655-52AE-4809-82A8-EC2B08A25556}.Release|Win32.ActiveCfg = Release|Win32
		{3272A655-52AE-4809-82A8-EC2B08A25556}.Release|Win32.Build.0 = Release|Win32
		{0EF92DDF-82B3-40F1-8B66-96F46578ABBD}.Debug|Win32.ActiveCfg = Debug|Win32
		{0EF92DDF-82B3-40F1-8B66-96F46578ABBD}.Debug|Win32.Build.0 = Debug|Win32
		{0EF92DDF-82B3-40F1-8B66-96F46578ABBD}.Release|Win32.ActiveCfg = Release|Win32
		{0EF92DDF-82B3-40F1-8B66-96F46578ABBD}.Release|Win32.Build.0 = Release|Win32
		{4AFF8855-BDFF-4A17-87C3-6BD8EA378401}.Debug|Win32.ActiveCfg = Debug|Win32
		{4AFF8855-BDFF-4A17-87C3-6BD8EA378401}.Debug|Win32.Build.0 = Debug|Win32
		{4AFF8855-BDFF-4A17-87C3-6BD8EA378401}.Release|Win32.ActiveCfg = Release|Win32
		{4AFF8855-BDFF-4A17-87C3-6BD8EA378401}.Release|Win32.Build.0 = Release|Win32
		{FA4BF482-38D3-4EE1-801B-9B51439C8557}.Debug|Win32.ActiveCfg = Debug|Win32
		{FA4BF482-38D3-4EE1-801B-9B51439C8557}.Debug|Win32.Build.0 = Debug|Win32
		{FA4BF482-38D3-4EE1-801B-9B51439C8557}.Release|Win32.ActiveCfg = Release|Win32
		{FA4BF482-38D3-4EE1-801B-9B51439C8557}.Release|Win32.Build.0 = Release|Win32
		{75049BD5-7368-420D-A5E4-AE9A3F5C1FD1}.Debug|Win32.ActiveCfg = Debug|Win32
		{75049BD5-7368-420D-A5E4-AE9A3F5C1FD1}.Debug|Win32.Build.0 = Debug|Win32
		{75049BD5-7368-420D-A5E4-AE9A3F5C1FD1}.Release|Win32.ActiveCfg = Release|Win32
		{75049BD5-7368-420D-A5E4-AE9A3F5C1FD1}.Release|Win32.Build.0 = Release|Win32
		{4CB38588-9941-466C-9446-BAACBD9230FA}.Debug|Win32.ActiveCfg = Debug|Win32
		{4CB38588-9941-466C-9446-BAACBD9230FA}.Debug|Win32.Build.0 = Debug|Win32
		{4CB38588-9941-466C-9446-BAACBD9230FA}.Release|Win32.ActiveCfg = Release|Win32
		{4CB38588-9941-466C-9446-BAACBD9230FA}.Release|Win32.Build.0 = Release|Win32
		{6A15E44C-C90C-4DBA-ACCB-2CEDEB26E7FD}.Debug|Win32.ActiveCfg = Debug|Win32
		{6A15E44C-C90C-4DBA-ACCB-2CEDEB26E7FD}.Debug|Win32.Build.0 = Debug|Win32
		{6A15E44C-C90C-4DBA-ACCB-2CEDEB26E7FD}.Release|Win32.ActiveCfg = Release|Win32
		{6A15E44C-C90C-4DBA-ACCB-2CEDEB26E7FD}.Release|Win32.Build.0 = Release|Win32
		{878CBE2E-DE42-41B7-8078-BE594D8629D2}.Debug|Win32.ActiveCfg = Debug|Win32
		{878CBE2E-DE42-41B7-8078-BE594D8629D2}.Debug|Win32.Build.0 = Debug|Win32
		{878CBE2E-DE42-41B7-8078-BE594D8629D2}.Release|Win32.ActiveCfg = Release|Win32
		{878CBE2E-DE42-41B7-8078-BE594D8629D2}.Release|Win32.Build.0 = Release|Win32
		{4D5DE0D6-4CEA-48D9-B8A6-F3DA7AA54160}.Debug|Win32.ActiveCfg = Debug|Win32
		{4D5DE0D6-4CEA-48D9-B8A6-F3DA7AA54160}.Debug|Win32.Build.0 = Debug|Win32
		{4D5DE0D6-4CEA-48D9-B8A6-F3DA7AA54160}.Release|Win32.ActiveCfg = Release|Win32
		{4D5DE0D6-4CEA-48D9-B8A6-F3DA7AA54160}.Release|Win32.Build.0 = Release|Win32
		{C956BB60-0065-427E-A306-ED3F3139AD95}.Debug|Win32.ActiveCfg = Debug|Win32
		{C956BB60-0065-427E-A306-ED3F3139AD95}.Debug|Win32.Build.0 = Debug|Win32
		{C956BB60-0065-427E-A306-ED3F3139AD95}.Release|Win32.ActiveCfg = Release|Win32
		{C956BB60-0065-427E-A306-ED3F3139AD95}.Release|Win32.Build.0 = Release|Win32
		{ECA24EFA-F716-4A9B-9819-3AA339E90A54}.Debug|Win32.ActiveCfg = Debug|Win32
		{ECA24EFA-F716-4A9B-9819-3AA339E90A54}.Debug|Win32.Build.0 = Debug|Win32
		{ECA24EFA-F716-4A9B-9819-3AA339E90A54}.Release|Win32.ActiveCfg = Release|Win32
		{ECA24EFA-F716-4A9B-9819-3AA339E90A54}.Release|Win32.Build.0 = Release|Win32
		{E75A9965-B919-4F9A-8BEB-B29084EFF848}.Debug|Win32.ActiveCfg = Debug|Win32
		{E75A9965-B919-4F9A-8BEB-B29084EFF848}.Debug|Win32.Build.0 = Debug|Win32
		{E75A9965-B919-4F9A-8BEB-B29084EFF848}.Release|Win32.ActiveCfg = Release|Win32
		{E75A9965-B919-4F9A-8BEB-B29084EFF848}.Release|Win32.Build.0 = Release|Win32
		{05786621-CBD7-4D1B-8C1B-E91546ADD310}.Debug|Win32.ActiveCfg = Debug|Win32
		{05786621-CBD7-4D1B-8C1B-E91546ADD310}.Debug|Win32.Build.0 = Debug|Win32
		{05786621-CBD7-4D1B-8C1B-E91546ADD310}.Release|Win32.ActiveCfg = Release|Win32
		{05786621-CBD7-4D1B-8C1B-E91546ADD310}.Release|Win32.Build.0 = Release|Win32
		{E922DDA4-AE09-4DEB-9CD1-F34822D74858}.Debug|Win32.ActiveCfg = Debug|Win32
		{E922DDA4-AE09-4DEB-9CD1-F34822D74858}.Debug|Win32.Build.0 = Debug|Win32
		{E922DDA4-AE09-4DEB-9CD1-F34822D74858}.Release|Win32.ActiveCfg = Release|Win32
		{E922DDA4-AE09-4DEB-9CD1-F34822D74858}.Release|Win32.Build.0 = Release|Win32
		{A7A4221F-366B-43C1-ADEF-32B87C1C756C}.Debug|Win32.ActiveCfg = Debug|Win32
		{A7A4221F-366B-43C1-ADEF-32B87C1C756C}.Debug|Win32.Build.0 = Debug|Win32
		{A7A4221F-366B-43C1-ADEF-32B87C1C756C}.Release|Win32.ActiveCfg = Release|Win32
		{A7A4221F-366B-43C1-ADEF-32B87C1C756C}.Release|Win32.Build.0 = Release|Win32
		{76143AD1-6953-49B4-81F4-359461CDFF1F}.Debug|Win32.ActiveCfg = Debug|Win32
		{76143AD1-6953-49B4-81F4-359461CDFF1F}.Debug|Win32.Build.0 = Debug|Win32
		{76143AD1-6953-49B4-81F4-359461CDFF1F}.Release|Win32.ActiveCfg = Release|Win32
		{76143AD1-6953-49B4-81F4-359461CDFF1F}.Release|Win32.Build.0 = Release|Win32
		{9708E151-48C4-4A9C-A20D-2E1F46D5B82D}.Debug|Win32.ActiveCfg = Debug|Win32
		{9708E151-48C4-4A9C-A20D-2E1F46D5B82D}.Debug|Win32.Build.0 = Debug|Win32
		{9708E151-48C4-4A9C-A20D-2E1F46D5B82D}.Release|Win32.ActiveCfg = Release|Win32
		{9708E151-48C4-4A9C-A20D-2E1F46D5B82D}.Release|Win32.Build.0 = Release|Win32
		{CA7E88C7-0C31-4378-9082-87BBDA422E99}.Debug|Win32.ActiveCfg = Debug|Win32
		{CA7E88C7-0C31-4378-9082-87BBDA422E99}.Debug|Win32.Build.0 = Debug|Win32
		{CA7E88C7-0C31-4378-9082-87BBDA422E99}.Release|Win32.ActiveCfg = Release|Win32
		{CA7E88C7-0C31-4378-9082-87BBDA422E99}.Release|Win32.Build.0 = Release|Win32
		{84371E9D-7199-4F86-94DA-B203D3E37E42}.Debug|Win32.ActiveCfg = Debug|Win32
		{84371E9D-7199-4F86-94DA-B203D3E37E42}.Debug|Win32.Build.0 = Debug|Win32
		{84371E9D-7199-4F86-94DA-B203D3E37E42}.Release|Win32.ActiveCfg = Release|Win32
		{84371E9D-7199-4F86-94DA-B203D3E37E42}.Release|Win32.Build.0 = Release|Win32
		{3C7748DE-49B8-4CCF-A24C-7D08CEA9A49E}.Debug|Win32.ActiveCfg = Debug|Win32
		{3C7748DE-49B8-4CCF-A24C-7D08CEA9A49E}.Debug|Win32.Build.0 = Debug|Win32
		{3C7748DE-49B8-4CCF-A24C-7D08CEA9A49E}.Release|Win32.ActiveCfg = Release|Win32
		{3C7748DE-49B8-4CCF-A24C-7D08CEA9A49E}.Release|Win32.Build.0 = Release|Win32
		{F3C6A2E1-E219-4E1E-8678-C9CBCA987A04}.Debug|Win32.ActiveCfg = Debug|Win32
		{F3C6A2E1-E219-4E1E-8678-C9CBCA987A04}.Debug|Win32.Build.0 = Debug|Win32
		{F3C6A2E1-E219-4E1E-8678-C9CBCA987A04}.Release|Win32.ActiveCfg = Release|Win32
		{F3C6A2E1-E219-4E1E-8678-C9CBCA987A04}.Release|Win32.Build.0 = Release|Win32
		{D4A94575-A9E2-412B-A98F-856E8602A71D}.Debug|Win32.ActiveCfg = Debug|Win32
		{D4A94575-A9E2-412B-A98F-856E8602A71D}.Debug|Win32.Build.0 = Debug|Win32
		{D4A94575-A9E2-412B-A98F-856E8602A71D}.Release|Win32.ActiveCfg = Release|Win32
		{D4A94575-A9E2-412B-A98F-856E8602A71D}.Release|Win32.Build.0 = Release|Win32
		{B812473A-93B9-49C8-BEA4-87243708191B}.Debug|Win32.ActiveCfg = Debug|Win32
		{B812473A-93B9-49C8-BEA4-87243708191B}.Debug|Win32.Build.0 = Debug|Win32
		{B812473A-93B9-49C8-BEA4-87243708191B}.Release|Win32.ActiveCfg = Release|Win32
		{B812473A-93B9-49C8-BEA4-87243708191B}.Release|Win32.Build.0 = Release|Win32
		{B6153CA4-3F79-4BA8-A5E0-A2F86EEF505D}.Debug|Win32.ActiveCfg = Debug|Win32
		{B6153CA4-3F79-4BA8-A5E0-A2F86EEF505D}.Debug|Win32.Build.0 = Debug|Win32
		{B6153CA4-3F79-4BA8-A5E0-A2F86EEF505D}.Release|Win32.ActiveCfg = Release|Win32
		{B6153CA4-3F79-4BA8-A5E0-A2F86EEF505D}.Release|Win32.Build.0 = Release|Win32
		{B8EFC7D6-25B2-4EA8-87B1-C2C7FE5B0C32}.Debug|Win32.ActiveCfg = Debug|Win32
		{B8EFC7D6-25B2-4EA8-87B1-C2C7FE5B0C32}.Debug|Win32.Build.0 = Debug|Win32
		{B8EFC7D6-25B2-4EA8-87B1-C2C7FE5B0C32}.Release|Win32.ActiveCfg = Release|Win32
		{B8EFC7D6-25B2-4EA8-87B1-C2C7FE5B0C32}.Release|Win32.Build.0 = Release|Win32
		{9E7CBDE9-03AF-4125-8EB2-41DC5B045009}.Debug|Win32.ActiveCfg = Debug|Win32
		{9E7CBDE9-03AF-4125-8EB2-41DC5B045009}.Debug|Win32.Build.0 = Debug|Win32
		{9E7CBDE9-03AF-4125-8EB2-41DC5B045009}.Release|Win32.ActiveCfg = Release|Win32
		{9E7CBDE9-03AF-4125-8EB2-41DC5B045009}.Release|Win32.Build.0 = Release|Win32
		{167E5933-3950-4C9C-AC18-916280553260}.Debug|Win32.ActiveCfg = Debug|Win32
		{167E5933-3950-4C9C-AC18-916280553260}.Debug|Win32.Build.0 = Debug|Win32
		{167E5933-3950-4C9C-AC18-916280553260}.Release|Win32.ActiveCfg = Release|Win32
		{167E5933-3950-4C9C-AC18-916280553260}.Release|Win32.Build.0 = Release|Win32
		{B2B1D609-DF21-4A4E-A2AD-E07EFDA57493}.Debug|Win32.ActiveCfg = Debug|Win32
		{B2B1D609-DF21-4A4E-A2AD-E07EFDA57493}.Debug|Win32.Build.0 = Debug|Win32
		{B2B1D609-DF21-4A4E-A2AD-E07EFDA57493}.Release|Win32.ActiveCfg = Release|Win32
		{B2B1D609-DF21-4A4E-A2AD-E07EFDA57493}.Release|Win32.Build.0 = Release|Win32
		{F46B80E4-B175-449B-B7D1-158387DCF8A0}.Debug|Win32.ActiveCfg = Debug|Win32
		{F46B80E4-B175-449B-B7D1-158387DCF8A0}.Debug|Win32.Build.0 = Debug|Win32
		{F46B80E4-B175-449B-B7D1-158387DCF8A0}.Release|Win32.ActiveCfg = Release|Win32
		{F46B80E4-B175-449B-B7D1-158387DCF8A0}.Release|Win32.Build.0 = Release|Win32
		{9765A22C-D5D4-4E6B-8D12-DD24A68DF44E}.Debug|Win32.ActiveCfg = Debug|Win32
		{9765A22C-D5D4-4E6B-8D12-DD24A68DF44E}.Debug|Win32.Build.0 = Debug|Win32
		{9765A22C-D5D4-4E6B-8D12-DD24A68DF44E}.Release|Win32.ActiveCfg = Release|Win32
		{9765A22C-D5D4-4E6B-8D12-DD24A68DF44E}.Release|Win32.Build.0 = Release|Win32
		{3BA864D5-10A9-4484-A9B6-A7F4B33C1314}.Debug|Win32.ActiveCfg = Debug|Win32
		{3BA864D5-10A9-4484-A9B6-A7F4B33C1314}.Debug|Win32.Build.0 = Debug|Win32
		{3BA864D5-10A9-4484-A9B6-A7F4B33C1314}.Release|Win32.ActiveCfg = Release|Win32
		{3BA864D5-10A9-4484-A9B6-A7F4B33C1314}.Release|Win32.Build.0 = Release|Win32
		{4B0ED67D-D5EE-4B50-8E09-1E6A59B8B1EC}.Debug|Win32.ActiveCfg = Debug|Win32
		{4B0ED67D-D5EE-4B50-8E09-1E6A59B8B1EC}.Debug|Win32.Build.0 = Debug|Win32
		{4B0ED67D-D5EE-4B50-8E09-1E6A59B8B1EC}.Release|Win32.ActiveCfg = Release|Win32
		{4B0ED67D-D5EE-4B50-8E09-1E6A59B8B1EC}.Release|Win32.Build.0 = Release|Win32
		{0604607C-006C-4E8E-BD7E-3ECDAB5EE1CE}.Debug|Win32.ActiveCfg = Debug|Win32
		{0604607C-006C-4E8E-BD7E-3ECDAB5EE1CE}.Debug|Win32.Build.0 = Debug|Win32
		{0604607C-006C-4E8E-BD7E-3ECDAB5EE1CE}.Release|Win32.ActiveCfg = Release|Win32
		{0604607C-006C-4E8E-BD7E-3ECDAB5EE1CE}.Release|Win32.Build.0 = Release|Win32
		{81C7132A-0666-4BCB-A780-AFEDD9BC7A0E}.Debug|Win32.ActiveCfg = Debug|Win32
		{81C7132A-0666-4BCB-A780-AFEDD9BC7A0E}.Debug|Win32.Build.0 = Debug|Win32
		{81C7132A-0666-4BCB-A780-AFEDD9BC7A0E}.Release|Win32.ActiveCfg = Release|Win32
		{81C7132A-0666-4BCB-A780-AFEDD9BC7A0E}.Release|Win32.Build.0 = Release|Win32
		{88BB52C6-993D-4476-928D-E0E8C061C97E}.Debug|Win32.ActiveCfg = Debug|Win32
		{88BB52C6-993D-4476-928D-E0E8C061C97E}.Debug|Win32.Build.0 = Debug|Win32
		{88BB52C6-993D-4476-928D-E0E8C061C97E}.Release|Win32.ActiveCfg = Release|Win32
		{88BB52C6-993D-4476-928D-E0E8C061C97E}.Release|Win32.Build.0 = Release|Win32
		{4DA3FFC9-EEB4-4979-A49F-958095924A9E}.Debug|Win32.ActiveCfg = Debug|Win32
		{4DA3FFC9-EEB4-4979-A49F-958095924A9E}.Debug|Win32.Build.0 = Debug|Win32
		{4DA3FFC9-EEB4-4979-A49F-958095924A9E}.Release|Win32.ActiveCfg = Release|Win32
		{4DA3FFC9-EEB4-4979-A49F-958095924A9E}.Release|Win32.Build.0 = Release|Win32
		{0229388A-E4EA-4601-9A46-1BCDC539E809}.Debug|Win32.ActiveCfg = Debug|Win32
		{0229388A-E4EA-4601-9A46-1BCDC539E809}.Debug|Win32.Build.0 = Debug|Win32
		{0229388A-E4EA-4601-9A46-1BCDC539E809}.Release|Win32.ActiveCfg = Release|Win32
		{0229388A-E4EA-4601-9A46-1BCDC539E809}.Release|Win32.Build.0 = Release|Win32
		{17AA73D4-976F-4D28-8C36-F0438D511F11}.Debug|Win32.ActiveCfg = Debug|Win32
		{17AA73D4-976F-4D28-8C36-F0438D511F11}.Debug|Win32.Build.0 = Debug|Win32
		{17AA73D4-976F-4D28-8C36-F0438D511F11}.Release|Win32.ActiveCfg = Release|Win32
		{17AA73D4-976F-4D28-8C36-F0438D511F11}.Release|Win32.Build.0 = Release|Win32
		{0200C306-DE7B-46EC-9260-79ADB9ABDBC5}.Debug|Win32.ActiveCfg = Debug|Win32
		{0200C306-DE7B-46EC-9260-79ADB9ABDBC5}.Debug|Win32.Build.0 = Debug|Win32
		{0200C306-DE7B-46EC-9260-79ADB9ABDBC5}.Release|Win32.ActiveCfg = Release|Win32
		{0200C306-DE7B-46EC-9260-79ADB9ABDBC5}.Release|Win32.Build.0 = Release|Win32
		{F3D868A1-A0AE-41E0-A994-F690DE24D762}.Debug|Win32.ActiveCfg = Debug|Win32
		{F3D868A1-A0AE-41E0-A994-F690DE24D762}.Debug|Win32.Build.0 = Debug|Win32
		{F3D868A1-A0AE-41E0-A994-F690DE24D762}.Release|Win32.ActiveCfg = Release|Win32
		{F3D868A1-A0AE-41E0-A994-F690DE24D762}.Release|Win32.Build.0 = Release|Win32
		{A910D7AC-50D8-45F8-8C79-CE2CC14A91CF}.Debug|Win32.ActiveCfg = Debug|Win32
		{A910D7AC-50D8-45F8-8C79-CE2CC14A91CF}.Debug|Win32.Build.0 = Debug|Win32
		{A910D7AC-50D8-45F8-8C79-CE2CC14A91CF}.Release|Win32.ActiveCfg = Release|Win32
		{A910D7AC-50D8-45F8-8C79-CE2CC14A91CF}.Release|Win32.Build.0 = Release|Win32
	EndGlobalSection
EndGlobal
